{
  "name": "smb-sec-team--02--fall2025",
  "version": "0.2.0",
  "lockfileVersion": 3,
  "requires": true,
  "packages": {
    "": {
      "name": "smb-sec-team--02--fall2025",
      "version": "0.2.0",
      "license": "MIT",
      "dependencies": {
        "@primer/css": "17.0.1",
        "pytest": "^1.0.0",
        "python": "^0.0.4",
        "python-dotenv": "^10.1.1",
        "python3": "^0.0.1"
      }
    },
    "node_modules/@primer/css": {
      "version": "17.0.1",
      "resolved": "https://registry.npmjs.org/@primer/css/-/css-17.0.1.tgz",
      "integrity": "sha512-qA0WOfkGthJVoUUqFpsaD3m2aeuGuVSZwMWsxZFUUufB3pfGfIG+vkpAqaJTGFJzbKD9ZfXyt1wfJwtyMcsVfg==",
      "license": "MIT",
      "dependencies": {
        "@primer/primitives": "4.3.2"
      }
    },
    "node_modules/@primer/primitives": {
      "version": "4.3.2",
      "resolved": "https://registry.npmjs.org/@primer/primitives/-/primitives-4.3.2.tgz",
      "integrity": "sha512-5qBEQVchd2Vd2K2IT9mbQdI9E4IGiDVoLITlQXE2HIW9sWHREULSE4xg3W51i/XlDUIgnycELCI+Ept8V7v+og==",
      "license": "MIT"
    },
    "node_modules/pytest": {
      "version": "1.0.0",
      "resolved": "https://registry.npmjs.org/pytest/-/pytest-1.0.0.tgz",
      "integrity": "sha512-nh2Z5MFd6WyMqUYvLoTrbGpkcI1Gb2GQ2HmdaGZ0h4lCc8FENRhSr5lcHKSK9KIQ9gfrUT5zJaxRbaA/1XjLlA==",
      "license": "ISC",
      "bin": {
        "start11": "test.js"
      }
    },
    "node_modules/python": {
      "version": "0.0.4",
      "resolved": "https://registry.npmjs.org/python/-/python-0.0.4.tgz",
      "integrity": "sha512-7avKA/6XxrwcGSDes8xGn7FHAUdAUQXKHtpjDulyv5/nm7TcPblmPRvXjjwx5knWHqeRiipqH/TZR2HhmJ4CGQ==",
      "engines": {
        "node": ">= 0.4.1"
      }
    },
    "node_modules/python-dotenv": {
      "version": "10.1.1",
      "resolved": "https://registry.npmjs.org/python-dotenv/-/python-dotenv-10.1.1.tgz",
      "integrity": "sha512-MdYXm5ayhtyjTfRhv0+2wFarkyv9Btb5ZvyCXPXcVWWI3Rl4p0ULYayOhsQoQK+a+BbAVuEvGeIIS7bKKm4nVg==",
      "license": "ISC"
    },
    "node_modules/python3": {
      "version": "0.0.1",
      "resolved": "https://registry.npmjs.org/python3/-/python3-0.0.1.tgz",
      "integrity": "sha512-VB3Pe0uV1mjWND5Kv1FJQOSuAe979Oo0gRs/C8JGF8wx+ulkWqHC/sWlQz+ezcGpwsJP0tTIh+No/iRaqQlcNg==",
      "license": "ISC"
    }
  }
}
